// !$*UTF8*$!
{
	archiveVersion = 1;
	classes = {
	};
	objectVersion = 46;
	objects = {

/* Begin PBXBuildFile section */
		197DF9AB1B6B14AD000E812C /* main.m in Sources */ = {isa = PBXBuildFile; fileRef = 197DF9AA1B6B14AD000E812C /* main.m */; };
		197DF9AE1B6B14AD000E812C /* AppDelegate.m in Sources */ = {isa = PBXBuildFile; fileRef = 197DF9AD1B6B14AD000E812C /* AppDelegate.m */; };
		197DF9B11B6B14AD000E812C /* ViewController.m in Sources */ = {isa = PBXBuildFile; fileRef = 197DF9B01B6B14AD000E812C /* ViewController.m */; };
		197DF9B41B6B14AD000E812C /* Main.storyboard in Resources */ = {isa = PBXBuildFile; fileRef = 197DF9B21B6B14AD000E812C /* Main.storyboard */; };
		197DF9B61B6B14AD000E812C /* Images.xcassets in Resources */ = {isa = PBXBuildFile; fileRef = 197DF9B51B6B14AD000E812C /* Images.xcassets */; };
		197DF9B91B6B14AD000E812C /* LaunchScreen.xib in Resources */ = {isa = PBXBuildFile; fileRef = 197DF9B71B6B14AD000E812C /* LaunchScreen.xib */; };
		197DF9C51B6B14AD000E812C /* MenuTests.m in Sources */ = {isa = PBXBuildFile; fileRef = 197DF9C41B6B14AD000E812C /* MenuTests.m */; };
		19A36DD41B6B452D008B7464 /* MenuScrollView.m in Sources */ = {isa = PBXBuildFile; fileRef = 19A36DD31B6B452D008B7464 /* MenuScrollView.m */; };
		19A36DD71B6B6225008B7464 /* MenuPopover.m in Sources */ = {isa = PBXBuildFile; fileRef = 19A36DD61B6B6225008B7464 /* MenuPopover.m */; };
/* End PBXBuildFile section */

/* Begin PBXContainerItemProxy section */
		197DF9BF1B6B14AD000E812C /* PBXContainerItemProxy */ = {
			isa = PBXContainerItemProxy;
			containerPortal = 197DF99D1B6B14AD000E812C /* Project object */;
			proxyType = 1;
			remoteGlobalIDString = 197DF9A41B6B14AD000E812C;
			remoteInfo = Menu;
		};
/* End PBXContainerItemProxy section */

/* Begin PBXFileReference section */
		197DF9A51B6B14AD000E812C /* Menu.app */ = {isa = PBXFileReference; explicitFileType = wrapper.application; includeInIndex = 0; path = Menu.app; sourceTree = BUILT_PRODUCTS_DIR; };
		197DF9A91B6B14AD000E812C /* Info.plist */ = {isa = PBXFileReference; lastKnownFileType = text.plist.xml; path = Info.plist; sourceTree = "<group>"; };
		197DF9AA1B6B14AD000E812C /* main.m */ = {isa = PBXFileReference; lastKnownFileType = sourcecode.c.objc; path = main.m; sourceTree = "<group>"; };
		197DF9AC1B6B14AD000E812C /* AppDelegate.h */ = {isa = PBXFileReference; lastKnownFileType = sourcecode.c.h; path = AppDelegate.h; sourceTree = "<group>"; };
		197DF9AD1B6B14AD000E812C /* AppDelegate.m */ = {isa = PBXFileReference; lastKnownFileType = sourcecode.c.objc; path = AppDelegate.m; sourceTree = "<group>"; };
		197DF9AF1B6B14AD000E812C /* ViewController.h */ = {isa = PBXFileReference; lastKnownFileType = sourcecode.c.h; path = ViewController.h; sourceTree = "<group>"; };
		197DF9B01B6B14AD000E812C /* ViewController.m */ = {isa = PBXFileReference; lastKnownFileType = sourcecode.c.objc; path = ViewController.m; sourceTree = "<group>"; };
		197DF9B31B6B14AD000E812C /* Base */ = {isa = PBXFileReference; lastKnownFileType = file.storyboard; name = Base; path = Base.lproj/Main.storyboard; sourceTree = "<group>"; };
		197DF9B51B6B14AD000E812C /* Images.xcassets */ = {isa = PBXFileReference; lastKnownFileType = folder.assetcatalog; path = Images.xcassets; sourceTree = "<group>"; };
		197DF9B81B6B14AD000E812C /* Base */ = {isa = PBXFileReference; lastKnownFileType = file.xib; name = Base; path = Base.lproj/LaunchScreen.xib; sourceTree = "<group>"; };
		197DF9BE1B6B14AD000E812C /* MenuTests.xctest */ = {isa = PBXFileReference; explicitFileType = wrapper.cfbundle; includeInIndex = 0; path = MenuTests.xctest; sourceTree = BUILT_PRODUCTS_DIR; };
		197DF9C31B6B14AD000E812C /* Info.plist */ = {isa = PBXFileReference; lastKnownFileType = text.plist.xml; path = Info.plist; sourceTree = "<group>"; };
		197DF9C41B6B14AD000E812C /* MenuTests.m */ = {isa = PBXFileReference; lastKnownFileType = sourcecode.c.objc; path = MenuTests.m; sourceTree = "<group>"; };
		19A36DD21B6B452D008B7464 /* MenuScrollView.h */ = {isa = PBXFileReference; fileEncoding = 4; lastKnownFileType = sourcecode.c.h; path = MenuScrollView.h; sourceTree = "<group>"; };
		19A36DD31B6B452D008B7464 /* MenuScrollView.m */ = {isa = PBXFileReference; fileEncoding = 4; lastKnownFileType = sourcecode.c.objc; path = MenuScrollView.m; sourceTree = "<group>"; };
		19A36DD51B6B6225008B7464 /* MenuPopover.h */ = {isa = PBXFileReference; fileEncoding = 4; lastKnownFileType = sourcecode.c.h; path = MenuPopover.h; sourceTree = "<group>"; };
		19A36DD61B6B6225008B7464 /* MenuPopover.m */ = {isa = PBXFileReference; fileEncoding = 4; lastKnownFileType = sourcecode.c.objc; path = MenuPopover.m; sourceTree = "<group>"; };
/* End PBXFileReference section */

/* Begin PBXFrameworksBuildPhase section */
		197DF9A21B6B14AD000E812C /* Frameworks */ = {
			isa = PBXFrameworksBuildPhase;
			buildActionMask = 2147483647;
			files = (
			);
			runOnlyForDeploymentPostprocessing = 0;
		};
		197DF9BB1B6B14AD000E812C /* Frameworks */ = {
			isa = PBXFrameworksBuildPhase;
			buildActionMask = 2147483647;
			files = (
			);
			runOnlyForDeploymentPostprocessing = 0;
		};
/* End PBXFrameworksBuildPhase section */

/* Begin PBXGroup section */
		197DF99C1B6B14AD000E812C = {
			isa = PBXGroup;
			children = (
				197DF9A71B6B14AD000E812C /* Menu */,
				197DF9C11B6B14AD000E812C /* MenuTests */,
				197DF9A61B6B14AD000E812C /* Products */,
			);
			sourceTree = "<group>";
		};
		197DF9A61B6B14AD000E812C /* Products */ = {
			isa = PBXGroup;
			children = (
				197DF9A51B6B14AD000E812C /* Menu.app */,
				197DF9BE1B6B14AD000E812C /* MenuTests.xctest */,
			);
			name = Products;
			sourceTree = "<group>";
		};
		197DF9A71B6B14AD000E812C /* Menu */ = {
			isa = PBXGroup;
			children = (
				197DF9AC1B6B14AD000E812C /* AppDelegate.h */,
				197DF9AD1B6B14AD000E812C /* AppDelegate.m */,
				197DF9AF1B6B14AD000E812C /* ViewController.h */,
				197DF9B01B6B14AD000E812C /* ViewController.m */,
				19A36DD51B6B6225008B7464 /* MenuPopover.h */,
				19A36DD61B6B6225008B7464 /* MenuPopover.m */,
				19A36DD21B6B452D008B7464 /* MenuScrollView.h */,
				19A36DD31B6B452D008B7464 /* MenuScrollView.m */,
				197DF9B21B6B14AD000E812C /* Main.storyboard */,
				197DF9B51B6B14AD000E812C /* Images.xcassets */,
				197DF9B71B6B14AD000E812C /* LaunchScreen.xib */,
				197DF9A81B6B14AD000E812C /* Supporting Files */,
			);
			path = Menu;
			sourceTree = "<group>";
		};
		197DF9A81B6B14AD000E812C /* Supporting Files */ = {
			isa = PBXGroup;
			children = (
				197DF9A91B6B14AD000E812C /* Info.plist */,
				197DF9AA1B6B14AD000E812C /* main.m */,
			);
			name = "Supporting Files";
			sourceTree = "<group>";
		};
		197DF9C11B6B14AD000E812C /* MenuTests */ = {
			isa = PBXGroup;
			children = (
				197DF9C41B6B14AD000E812C /* MenuTests.m */,
				197DF9C21B6B14AD000E812C /* Supporting Files */,
			);
			path = MenuTests;
			sourceTree = "<group>";
		};
		197DF9C21B6B14AD000E812C /* Supporting Files */ = {
			isa = PBXGroup;
			children = (
				197DF9C31B6B14AD000E812C /* Info.plist */,
			);
			name = "Supporting Files";
			sourceTree = "<group>";
		};
/* End PBXGroup section */

/* Begin PBXNativeTarget section */
		197DF9A41B6B14AD000E812C /* Menu */ = {
			isa = PBXNativeTarget;
			buildConfigurationList = 197DF9C81B6B14AD000E812C /* Build configuration list for PBXNativeTarget "Menu" */;
			buildPhases = (
				197DF9A11B6B14AD000E812C /* Sources */,
				197DF9A21B6B14AD000E812C /* Frameworks */,
				197DF9A31B6B14AD000E812C /* Resources */,
			);
			buildRules = (
			);
			dependencies = (
			);
			name = Menu;
			productName = Menu;
			productReference = 197DF9A51B6B14AD000E812C /* Menu.app */;
			productType = "com.apple.product-type.application";
		};
		197DF9BD1B6B14AD000E812C /* MenuTests */ = {
			isa = PBXNativeTarget;
			buildConfigurationList = 197DF9CB1B6B14AD000E812C /* Build configuration list for PBXNativeTarget "MenuTests" */;
			buildPhases = (
				197DF9BA1B6B14AD000E812C /* Sources */,
				197DF9BB1B6B14AD000E812C /* Frameworks */,
				197DF9BC1B6B14AD000E812C /* Resources */,
			);
			buildRules = (
			);
			dependencies = (
				197DF9C01B6B14AD000E812C /* PBXTargetDependency */,
			);
			name = MenuTests;
			productName = MenuTests;
			productReference = 197DF9BE1B6B14AD000E812C /* MenuTests.xctest */;
			productType = "com.apple.product-type.bundle.unit-test";
		};
/* End PBXNativeTarget section */

/* Begin PBXProject section */
		197DF99D1B6B14AD000E812C /* Project object */ = {
			isa = PBXProject;
			attributes = {
				LastUpgradeCheck = 0640;
				ORGANIZATIONNAME = fcx;
				TargetAttributes = {
					197DF9A41B6B14AD000E812C = {
						CreatedOnToolsVersion = 6.4;
					};
					197DF9BD1B6B14AD000E812C = {
						CreatedOnToolsVersion = 6.4;
						TestTargetID = 197DF9A41B6B14AD000E812C;
					};
				};
			};
			buildConfigurationList = 197DF9A01B6B14AD000E812C /* Build configuration list for PBXProject "Menu" */;
			compatibilityVersion = "Xcode 3.2";
			developmentRegion = English;
			hasScannedForEncodings = 0;
			knownRegions = (
				en,
				Base,
			);
			mainGroup = 197DF99C1B6B14AD000E812C;
			productRefGroup = 197DF9A61B6B14AD000E812C /* Products */;
			projectDirPath = "";
			projectRoot = "";
			targets = (
				197DF9A41B6B14AD000E812C /* Menu */,
				197DF9BD1B6B14AD000E812C /* MenuTests */,
			);
		};
/* End PBXProject section */

/* Begin PBXResourcesBuildPhase section */
		197DF9A31B6B14AD000E812C /* Resources */ = {
			isa = PBXResourcesBuildPhase;
			buildActionMask = 2147483647;
			files = (
				197DF9B41B6B14AD000E812C /* Main.storyboard in Resources */,
				197DF9B91B6B14AD000E812C /* LaunchScreen.xib in Resources */,
				197DF9B61B6B14AD000E812C /* Images.xcassets in Resources */,
			);
			runOnlyForDeploymentPostprocessing = 0;
		};
		197DF9BC1B6B14AD000E812C /* Resources */ = {
			isa = PBXResourcesBuildPhase;
			buildActionMask = 2147483647;
			files = (
			);
			runOnlyForDeploymentPostprocessing = 0;
		};
/* End PBXResourcesBuildPhase section */

/* Begin PBXSourcesBuildPhase section */
		197DF9A11B6B14AD000E812C /* Sources */ = {
			isa = PBXSourcesBuildPhase;
			buildActionMask = 2147483647;
			files = (
				19A36DD71B6B6225008B7464 /* MenuPopover.m in Sources */,
				197DF9B11B6B14AD000E812C /* ViewController.m in Sources */,
				19A36DD41B6B452D008B7464 /* MenuScrollView.m in Sources */,
				197DF9AE1B6B14AD000E812C /* AppDelegate.m in Sources */,
				197DF9AB1B6B14AD000E812C /* main.m in Sources */,
			);
			runOnlyForDeploymentPostprocessing = 0;
		};
		197DF9BA1B6B14AD000E812C /* Sources */ = {
			isa = PBXSourcesBuildPhase;
			buildActionMask = 2147483647;
			files = (
				197DF9C51B6B14AD000E812C /* MenuTests.m in Sources */,
			);
			runOnlyForDeploymentPostprocessing = 0;
		};
/* End PBXSourcesBuildPhase section */

/* Begin PBXTargetDependency section */
		197DF9C01B6B14AD000E812C /* PBXTargetDependency */ = {
			isa = PBXTargetDependency;
			target = 197DF9A41B6B14AD000E812C /* Menu */;
			targetProxy = 197DF9BF1B6B14AD000E812C /* PBXContainerItemProxy */;
		};
/* End PBXTargetDependency section */

/* Begin PBXVariantGroup section */
		197DF9B21B6B14AD000E812C /* Main.storyboard */ = {
			isa = PBXVariantGroup;
			children = (
				197DF9B31B6B14AD000E812C /* Base */,
			);
			name = Main.storyboard;
			sourceTree = "<group>";
		};
		197DF9B71B6B14AD000E812C /* LaunchScreen.xib */ = {
			isa = PBXVariantGroup;
			children = (
				197DF9B81B6B14AD000E812C /* Base */,
			);
			name = LaunchScreen.xib;
			sourceTree = "<group>";
		};
/* End PBXVariantGroup section */

/* Begin XCBuildConfiguration section */
		197DF9C61B6B14AD000E812C /* Debug */ = {
			isa = XCBuildConfiguration;
			buildSettings = {
				ALWAYS_SEARCH_USER_PATHS = NO;
				CLANG_CXX_LANGUAGE_STANDARD = "gnu++0x";
				CLANG_CXX_LIBRARY = "libc++";
				CLANG_ENABLE_MODULES = YES;
				CLANG_ENABLE_OBJC_ARC = YES;
				CLANG_WARN_BOOL_CONVERSION = YES;
				CLANG_WARN_CONSTANT_CONVERSION = YES;
				CLANG_WARN_DIRECT_OBJC_ISA_USAGE = YES_ERROR;
				CLANG_WARN_EMPTY_BODY = YES;
				CLANG_WARN_ENUM_CONVERSION = YES;
				CLANG_WARN_INT_CONVERSION = YES;
				CLANG_WARN_OBJC_ROOT_CLASS = YES_ERROR;
				CLANG_WARN_UNREACHABLE_CODE = YES;
				CLANG_WARN__DUPLICATE_METHOD_MATCH = YES;
				"CODE_SIGN_IDENTITY[sdk=iphoneos*]" = "iPhone Developer";
				COPY_PHASE_STRIP = NO;
				DEBUG_INFORMATION_FORMAT = "dwarf-with-dsym";
				ENABLE_STRICT_OBJC_MSGSEND = YES;
				GCC_C_LANGUAGE_STANDARD = gnu99;
				GCC_DYNAMIC_NO_PIC = NO;
				GCC_NO_COMMON_BLOCKS = YES;
				GCC_OPTIMIZATION_LEVEL = 0;
				GCC_PREPROCESSOR_DEFINITIONS = (
					"DEBUG=1",
					"$(inherited)",
				);
				GCC_SYMBOLS_PRIVATE_EXTERN = NO;
				GCC_WARN_64_TO_32_BIT_CONVERSION = YES;
				GCC_WARN_ABOUT_RETURN_TYPE = YES_ERROR;
				GCC_WARN_UNDECLARED_SELECTOR = YES;
				GCC_WARN_UNINITIALIZED_AUTOS = YES_AGGRESSIVE;
				GCC_WARN_UNUSED_FUNCTION = YES;
				GCC_WARN_UNUSED_VARIABLE = YES;
				IPHONEOS_DEPLOYMENT_TARGET = 7.0;
				MTL_ENABLE_DEBUG_INFO = YES;
				ONLY_ACTIVE_ARCH = YES;
				SDKROOT = iphoneos;
			};
			name = Debug;
		};
		197DF9C71B6B14AD000E812C /* Release */ = {
			isa = XCBuildConfiguration;
			buildSettings = {
				ALWAYS_SEARCH_USER_PATHS = NO;
				CLANG_CXX_LANGUAGE_STANDARD = "gnu++0x";
				CLANG_CXX_LIBRARY = "libc++";
				CLANG_ENABLE_MODULES = YES;
				CLANG_ENABLE_OBJC_ARC = YES;
				CLANG_WARN_BOOL_CONVERSION = YES;
				CLANG_WARN_CONSTANT_CONVERSION = YES;
				CLANG_WARN_DIRECT_OBJC_ISA_USAGE = YES_ERROR;
				CLANG_WARN_EMPTY_BODY = YES;
				CLANG_WARN_ENUM_CONVERSION = YES;
				CLANG_WARN_INT_CONVERSION = YES;
				CLANG_WARN_OBJC_ROOT_CLASS = YES_ERROR;
				CLANG_WARN_UNREACHABLE_CODE = YES;
				CLANG_WARN__DUPLICATE_METHOD_MATCH = YES;
				"CODE_SIGN_IDENTITY[sdk=iphoneos*]" = "iPhone Developer";
				COPY_PHASE_STRIP = NO;
				DEBUG_INFORMATION_FORMAT = "dwarf-with-dsym";
				ENABLE_NS_ASSERTIONS = NO;
				ENABLE_STRICT_OBJC_MSGSEND = YES;
				GCC_C_LANGUAGE_STANDARD = gnu99;
				GCC_NO_COMMON_BLOCKS = YES;
				GCC_WARN_64_TO_32_BIT_CONVERSION = YES;
				GCC_WARN_ABOUT_RETURN_TYPE = YES_ERROR;
				GCC_WARN_UNDECLARED_SELECTOR = YES;
				GCC_WARN_UNINITIALIZED_AUTOS = YES_AGGRESSIVE;
				GCC_WARN_UNUSED_FUNCTION = YES;
				GCC_WARN_UNUSED_VARIABLE = YES;
				IPHONEOS_DEPLOYMENT_TARGET = 7.0;
				MTL_ENABLE_DEBUG_INFO = NO;
				SDKROOT = iphoneos;
				VALIDATE_PRODUCT = YES;
			};
			name = Release;
		};
		197DF9C91B6B14AD000E812C /* Debug */ = {
			isa = XCBuildConfiguration;
			buildSettings = {
				ASSETCATALOG_COMPILER_APPICON_NAME = AppIcon;
				INFOPLIST_FILE = Menu/Info.plist;
				IPHONEOS_DEPLOYMENT_TARGET = 7.0;
				LD_RUNPATH_SEARCH_PATHS = "$(inherited) @executable_path/Frameworks";
				PRODUCT_NAME = "$(TARGET_NAME)";
			};
			name = Debug;
		};
		197DF9CA1B6B14AD000E812C /* Release */ = {
			isa = XCBuildConfiguration;
			buildSettings = {
				ASSETCATALOG_COMPILER_APPICON_NAME = AppIcon;
				INFOPLIST_FILE = Menu/Info.plist;
				IPHONEOS_DEPLOYMENT_TARGET = 7.0;
				LD_RUNPATH_SEARCH_PATHS = "$(inherited) @executable_path/Frameworks";
				PRODUCT_NAME = "$(TARGET_NAME)";
			};
			name = Release;
		};
		197DF9CC1B6B14AD000E812C /* Debug */ = {
			isa = XCBuildConfiguration;
			buildSettings = {
				BUNDLE_LOADER = "$(TEST_HOST)";
				FRAMEWORK_SEARCH_PATHS = (
					"$(SDKROOT)/Developer/Library/Frameworks",
					"$(inherited)",
				);
				GCC_PREPROCESSOR_DEFINITIONS = (
					"DEBUG=1",
					"$(inherited)",
				);
				INFOPLIST_FILE = MenuTests/Info.plist;
				LD_RUNPATH_SEARCH_PATHS = "$(inherited) @executable_path/Frameworks @loader_path/Frameworks";
				PRODUCT_NAME = "$(TARGET_NAME)";
				TEST_HOST = "$(BUILT_PRODUCTS_DIR)/Menu.app/Menu";
			};
			name = Debug;
		};
		197DF9CD1B6B14AD000E812C /* Release */ = {
			isa = XCBuildConfiguration;
			buildSettings = {
				BUNDLE_LOADER = "$(TEST_HOST)";
				FRAMEWORK_SEARCH_PATHS = (
					"$(SDKROOT)/Developer/Library/Frameworks",
					"$(inherited)",
				);
				INFOPLIST_FILE = MenuTests/Info.plist;
				LD_RUNPATH_SEARCH_PATHS = "$(inherited) @executable_path/Frameworks @loader_path/Frameworks";
				PRODUCT_NAME = "$(TARGET_NAME)";
				TEST_HOST = "$(BUILT_PRODUCTS_DIR)/Menu.app/Menu";
			};
			name = Release;
		};
/* End XCBuildConfiguration section */

/* Begin XCConfigurationList section */
		197DF9A01B6B14AD000E812C /* Build configuration list for PBXProject "Menu" */ = {
			isa = XCConfigurationList;
			buildConfigurations = (
				197DF9C61B6B14AD000E812C /* Debug */,
				197DF9C71B6B14AD000E812C /* Release */,
			);
			defaultConfigurationIsVisible = 0;
			defaultConfigurationName = Release;
		};
		197DF9C81B6B14AD000E812C /* Build configuration list for PBXNativeTarget "Menu" */ = {
			isa = XCConfigurationList;
			buildConfigurations = (
				197DF9C91B6B14AD000E812C /* Debug */,
				197DF9CA1B6B14AD000E812C /* Release */,
			);
			defaultConfigurationIsVisible = 0;
			defaultConfigurationName = Release;
		};
		197DF9CB1B6B14AD000E812C /* Build configuration list for PBXNativeTarget "MenuTests" */ = {
			isa = XCConfigurationList;
			buildConfigurations = (
				197DF9CC1B6B14AD000E812C /* Debug */,
				197DF9CD1B6B14AD000E812C /* Release */,
			);
			defaultConfigurationIsVisible = 0;
			defaultConfigurationName = Release;
		};
/* End XCConfigurationList section */
	};
	rootObject = 197DF99D1B6B14AD000E812C /* Project object */;
}
